// !$*UTF8*$!
{
	archiveVersion = 1;
	classes = {
	};
	objectVersion = 46;
	objects = {

/* Begin PBXBuildFile section */
		2BA323091D038DE10001B749 /* AppDelegate.swift in Sources */ = {isa = PBXBuildFile; fileRef = 2BA323081D038DE10001B749 /* AppDelegate.swift */; };
		2BA3230B1D038DE10001B749 /* MapVC.swift in Sources */ = {isa = PBXBuildFile; fileRef = 2BA3230A1D038DE10001B749 /* MapVC.swift */; };
		2BA3230E1D038DE10001B749 /* Main.storyboard in Resources */ = {isa = PBXBuildFile; fileRef = 2BA3230C1D038DE10001B749 /* Main.storyboard */; };
		2BA323101D038DE10001B749 /* Assets.xcassets in Resources */ = {isa = PBXBuildFile; fileRef = 2BA3230F1D038DE10001B749 /* Assets.xcassets */; };
		2BA323131D038DE10001B749 /* LaunchScreen.storyboard in Resources */ = {isa = PBXBuildFile; fileRef = 2BA323111D038DE10001B749 /* LaunchScreen.storyboard */; };
		2BA323211D0395FB0001B749 /* LoginVC.swift in Sources */ = {isa = PBXBuildFile; fileRef = 2BA323201D0395FB0001B749 /* LoginVC.swift */; };
		2BA323231D0396590001B749 /* ListVC.swift in Sources */ = {isa = PBXBuildFile; fileRef = 2BA323221D0396590001B749 /* ListVC.swift */; };
		2BA323251D03967D0001B749 /* LocationVC.swift in Sources */ = {isa = PBXBuildFile; fileRef = 2BA323241D03967D0001B749 /* LocationVC.swift */; };
		2BA323271D0397560001B749 /* DataService.swift in Sources */ = {isa = PBXBuildFile; fileRef = 2BA323261D0397560001B749 /* DataService.swift */; };
		2BA323291D039B4E0001B749 /* Roboto-Bold.ttf in Resources */ = {isa = PBXBuildFile; fileRef = 2BA323281D039B4E0001B749 /* Roboto-Bold.ttf */; };
		2BA3232B1D03A4020001B749 /* CustomButton.swift in Sources */ = {isa = PBXBuildFile; fileRef = 2BA3232A1D03A4020001B749 /* CustomButton.swift */; };
		2BA3232F1D03C20E0001B749 /* UdacityClient.swift in Sources */ = {isa = PBXBuildFile; fileRef = 2BA3232E1D03C20E0001B749 /* UdacityClient.swift */; };
		2BA323311D03C2C10001B749 /* UdacityConstants.swift in Sources */ = {isa = PBXBuildFile; fileRef = 2BA323301D03C2C10001B749 /* UdacityConstants.swift */; };
		2BA323331D03C3040001B749 /* UdacityConvenience.swift in Sources */ = {isa = PBXBuildFile; fileRef = 2BA323321D03C3040001B749 /* UdacityConvenience.swift */; };
		2BA323351D03F3AD0001B749 /* Constants.swift in Sources */ = {isa = PBXBuildFile; fileRef = 2BA323341D03F3AD0001B749 /* Constants.swift */; };
		2BA323381D043E210001B749 /* FBSDKCoreKit.framework in Frameworks */ = {isa = PBXBuildFile; fileRef = 2BA323361D043E210001B749 /* FBSDKCoreKit.framework */; };
		2BA323391D043E210001B749 /* FBSDKLoginKit.framework in Frameworks */ = {isa = PBXBuildFile; fileRef = 2BA323371D043E210001B749 /* FBSDKLoginKit.framework */; };
		2BA3233F1D04CAB70001B749 /* ParseClient.swift in Sources */ = {isa = PBXBuildFile; fileRef = 2BA3233E1D04CAB70001B749 /* ParseClient.swift */; };
		2BA323411D04D4AE0001B749 /* ParseConstants.swift in Sources */ = {isa = PBXBuildFile; fileRef = 2BA323401D04D4AE0001B749 /* ParseConstants.swift */; };
		2BA323431D0500C90001B749 /* StudentInformation.swift in Sources */ = {isa = PBXBuildFile; fileRef = 2BA323421D0500C90001B749 /* StudentInformation.swift */; };
/* End PBXBuildFile section */

/* Begin PBXFileReference section */
		2BA323051D038DE00001B749 /* On The Map.app */ = {isa = PBXFileReference; explicitFileType = wrapper.application; includeInIndex = 0; path = "On The Map.app"; sourceTree = BUILT_PRODUCTS_DIR; };
		2BA323081D038DE10001B749 /* AppDelegate.swift */ = {isa = PBXFileReference; lastKnownFileType = sourcecode.swift; path = AppDelegate.swift; sourceTree = "<group>"; };
		2BA3230A1D038DE10001B749 /* MapVC.swift */ = {isa = PBXFileReference; lastKnownFileType = sourcecode.swift; path = MapVC.swift; sourceTree = "<group>"; };
		2BA3230D1D038DE10001B749 /* Base */ = {isa = PBXFileReference; lastKnownFileType = file.storyboard; name = Base; path = Base.lproj/Main.storyboard; sourceTree = "<group>"; };
		2BA3230F1D038DE10001B749 /* Assets.xcassets */ = {isa = PBXFileReference; lastKnownFileType = folder.assetcatalog; path = Assets.xcassets; sourceTree = "<group>"; };
		2BA323121D038DE10001B749 /* Base */ = {isa = PBXFileReference; lastKnownFileType = file.storyboard; name = Base; path = Base.lproj/LaunchScreen.storyboard; sourceTree = "<group>"; };
		2BA323141D038DE10001B749 /* Info.plist */ = {isa = PBXFileReference; lastKnownFileType = text.plist.xml; path = Info.plist; sourceTree = "<group>"; };
		2BA323201D0395FB0001B749 /* LoginVC.swift */ = {isa = PBXFileReference; fileEncoding = 4; lastKnownFileType = sourcecode.swift; path = LoginVC.swift; sourceTree = "<group>"; };
		2BA323221D0396590001B749 /* ListVC.swift */ = {isa = PBXFileReference; fileEncoding = 4; lastKnownFileType = sourcecode.swift; path = ListVC.swift; sourceTree = "<group>"; };
		2BA323241D03967D0001B749 /* LocationVC.swift */ = {isa = PBXFileReference; fileEncoding = 4; lastKnownFileType = sourcecode.swift; path = LocationVC.swift; sourceTree = "<group>"; };
		2BA323261D0397560001B749 /* DataService.swift */ = {isa = PBXFileReference; fileEncoding = 4; lastKnownFileType = sourcecode.swift; path = DataService.swift; sourceTree = "<group>"; };
		2BA323281D039B4E0001B749 /* Roboto-Bold.ttf */ = {isa = PBXFileReference; lastKnownFileType = file; path = "Roboto-Bold.ttf"; sourceTree = "<group>"; };
		2BA3232A1D03A4020001B749 /* CustomButton.swift */ = {isa = PBXFileReference; fileEncoding = 4; lastKnownFileType = sourcecode.swift; path = CustomButton.swift; sourceTree = "<group>"; };
		2BA3232E1D03C20E0001B749 /* UdacityClient.swift */ = {isa = PBXFileReference; fileEncoding = 4; lastKnownFileType = sourcecode.swift; path = UdacityClient.swift; sourceTree = "<group>"; };
		2BA323301D03C2C10001B749 /* UdacityConstants.swift */ = {isa = PBXFileReference; fileEncoding = 4; lastKnownFileType = sourcecode.swift; path = UdacityConstants.swift; sourceTree = "<group>"; };
		2BA323321D03C3040001B749 /* UdacityConvenience.swift */ = {isa = PBXFileReference; fileEncoding = 4; lastKnownFileType = sourcecode.swift; path = UdacityConvenience.swift; sourceTree = "<group>"; };
		2BA323341D03F3AD0001B749 /* Constants.swift */ = {isa = PBXFileReference; fileEncoding = 4; lastKnownFileType = sourcecode.swift; path = Constants.swift; sourceTree = "<group>"; };
		2BA323361D043E210001B749 /* FBSDKCoreKit.framework */ = {isa = PBXFileReference; lastKnownFileType = wrapper.framework; path = FBSDKCoreKit.framework; sourceTree = "<group>"; };
		2BA323371D043E210001B749 /* FBSDKLoginKit.framework */ = {isa = PBXFileReference; lastKnownFileType = wrapper.framework; path = FBSDKLoginKit.framework; sourceTree = "<group>"; };
		2BA3233A1D043F800001B749 /* On The Map-Bridging-Header.h */ = {isa = PBXFileReference; lastKnownFileType = sourcecode.c.h; path = "On The Map-Bridging-Header.h"; sourceTree = "<group>"; };
		2BA3233E1D04CAB70001B749 /* ParseClient.swift */ = {isa = PBXFileReference; fileEncoding = 4; lastKnownFileType = sourcecode.swift; path = ParseClient.swift; sourceTree = "<group>"; };
		2BA323401D04D4AE0001B749 /* ParseConstants.swift */ = {isa = PBXFileReference; fileEncoding = 4; lastKnownFileType = sourcecode.swift; path = ParseConstants.swift; sourceTree = "<group>"; };
		2BA323421D0500C90001B749 /* StudentInformation.swift */ = {isa = PBXFileReference; fileEncoding = 4; lastKnownFileType = sourcecode.swift; path = StudentInformation.swift; sourceTree = "<group>"; };
/* End PBXFileReference section */

/* Begin PBXFrameworksBuildPhase section */
		2BA323021D038DE00001B749 /* Frameworks */ = {
			isa = PBXFrameworksBuildPhase;
			buildActionMask = 2147483647;
			files = (
				2BA323391D043E210001B749 /* FBSDKLoginKit.framework in Frameworks */,
				2BA323381D043E210001B749 /* FBSDKCoreKit.framework in Frameworks */,
			);
			runOnlyForDeploymentPostprocessing = 0;
		};
/* End PBXFrameworksBuildPhase section */

/* Begin PBXGroup section */
		2BA322FC1D038DE00001B749 = {
			isa = PBXGroup;
			children = (
				2BA323071D038DE00001B749 /* On The Map */,
				2BA323061D038DE00001B749 /* Products */,
			);
			sourceTree = "<group>";
		};
		2BA323061D038DE00001B749 /* Products */ = {
			isa = PBXGroup;
			children = (
				2BA323051D038DE00001B749 /* On The Map.app */,
			);
			name = Products;
			sourceTree = "<group>";
		};
		2BA323071D038DE00001B749 /* On The Map */ = {
			isa = PBXGroup;
			children = (
				2BA3231B1D038EAA0001B749 /* Services */,
				2BA3231A1D038E9B0001B749 /* Model */,
				2BA3231C1D038EB00001B749 /* View */,
				2BA3231D1D038EB50001B749 /* Controller */,
				2BA3231E1D038EC00001B749 /* Assets */,
				2BA3231F1D038ECC0001B749 /* Supporting Files */,
			);
			path = "On The Map";
			sourceTree = "<group>";
		};
		2BA3231A1D038E9B0001B749 /* Model */ = {
			isa = PBXGroup;
			children = (
				2BA3232D1D03C1E40001B749 /* Clients */,
				2BA323421D0500C90001B749 /* StudentInformation.swift */,
			);
			name = Model;
			sourceTree = "<group>";
		};
		2BA3231B1D038EAA0001B749 /* Services */ = {
			isa = PBXGroup;
			children = (
				2BA323261D0397560001B749 /* DataService.swift */,
			);
			name = Services;
			sourceTree = "<group>";
		};
		2BA3231C1D038EB00001B749 /* View */ = {
			isa = PBXGroup;
			children = (
				2BA3232A1D03A4020001B749 /* CustomButton.swift */,
			);
			name = View;
			sourceTree = "<group>";
		};
		2BA3231D1D038EB50001B749 /* Controller */ = {
			isa = PBXGroup;
			children = (
				2BA323201D0395FB0001B749 /* LoginVC.swift */,
				2BA3230A1D038DE10001B749 /* MapVC.swift */,
				2BA323221D0396590001B749 /* ListVC.swift */,
				2BA323241D03967D0001B749 /* LocationVC.swift */,
			);
			name = Controller;
			sourceTree = "<group>";
		};
		2BA3231E1D038EC00001B749 /* Assets */ = {
			isa = PBXGroup;
			children = (
				2BA3230C1D038DE10001B749 /* Main.storyboard */,
				2BA323111D038DE10001B749 /* LaunchScreen.storyboard */,
				2BA3230F1D038DE10001B749 /* Assets.xcassets */,
			);
			name = Assets;
			sourceTree = "<group>";
		};
		2BA3231F1D038ECC0001B749 /* Supporting Files */ = {
			isa = PBXGroup;
			children = (
				2BA323341D03F3AD0001B749 /* Constants.swift */,
				2BA323081D038DE10001B749 /* AppDelegate.swift */,
				2BA3233A1D043F800001B749 /* On The Map-Bridging-Header.h */,
				2BA323361D043E210001B749 /* FBSDKCoreKit.framework */,
				2BA323371D043E210001B749 /* FBSDKLoginKit.framework */,
				2BA323281D039B4E0001B749 /* Roboto-Bold.ttf */,
				2BA323141D038DE10001B749 /* Info.plist */,
			);
			name = "Supporting Files";
			sourceTree = "<group>";
		};
		2BA3232C1D03C04D0001B749 /* Udacity */ = {
			isa = PBXGroup;
			children = (
				2BA3232E1D03C20E0001B749 /* UdacityClient.swift */,
				2BA323301D03C2C10001B749 /* UdacityConstants.swift */,
				2BA323321D03C3040001B749 /* UdacityConvenience.swift */,
			);
			name = Udacity;
			sourceTree = "<group>";
		};
		2BA3232D1D03C1E40001B749 /* Clients */ = {
			isa = PBXGroup;
			children = (
				2BA3233D1D04CA980001B749 /* Parse */,
				2BA3232C1D03C04D0001B749 /* Udacity */,
			);
			name = Clients;
			sourceTree = "<group>";
		};
		2BA3233D1D04CA980001B749 /* Parse */ = {
			isa = PBXGroup;
			children = (
				2BA3233E1D04CAB70001B749 /* ParseClient.swift */,
				2BA323401D04D4AE0001B749 /* ParseConstants.swift */,
			);
			name = Parse;
			sourceTree = "<group>";
		};
/* End PBXGroup section */

/* Begin PBXNativeTarget section */
		2BA323041D038DE00001B749 /* On The Map */ = {
			isa = PBXNativeTarget;
			buildConfigurationList = 2BA323171D038DE10001B749 /* Build configuration list for PBXNativeTarget "On The Map" */;
			buildPhases = (
				2BA323011D038DE00001B749 /* Sources */,
				2BA323021D038DE00001B749 /* Frameworks */,
				2BA323031D038DE00001B749 /* Resources */,
			);
			buildRules = (
			);
			dependencies = (
			);
			name = "On The Map";
			productName = "On The Map";
			productReference = 2BA323051D038DE00001B749 /* On The Map.app */;
			productType = "com.apple.product-type.application";
		};
/* End PBXNativeTarget section */

/* Begin PBXProject section */
		2BA322FD1D038DE00001B749 /* Project object */ = {
			isa = PBXProject;
			attributes = {
				LastSwiftUpdateCheck = 0730;
				LastUpgradeCheck = 0730;
				ORGANIZATIONNAME = "James Dyer";
				TargetAttributes = {
					2BA323041D038DE00001B749 = {
						CreatedOnToolsVersion = 7.3.1;
					};
				};
			};
			buildConfigurationList = 2BA323001D038DE00001B749 /* Build configuration list for PBXProject "On The Map" */;
			compatibilityVersion = "Xcode 3.2";
			developmentRegion = English;
			hasScannedForEncodings = 0;
			knownRegions = (
				en,
				Base,
			);
			mainGroup = 2BA322FC1D038DE00001B749;
			productRefGroup = 2BA323061D038DE00001B749 /* Products */;
			projectDirPath = "";
			projectRoot = "";
			targets = (
				2BA323041D038DE00001B749 /* On The Map */,
			);
		};
/* End PBXProject section */

/* Begin PBXResourcesBuildPhase section */
		2BA323031D038DE00001B749 /* Resources */ = {
			isa = PBXResourcesBuildPhase;
			buildActionMask = 2147483647;
			files = (
				2BA323131D038DE10001B749 /* LaunchScreen.storyboard in Resources */,
				2BA323101D038DE10001B749 /* Assets.xcassets in Resources */,
				2BA323291D039B4E0001B749 /* Roboto-Bold.ttf in Resources */,
				2BA3230E1D038DE10001B749 /* Main.storyboard in Resources */,
			);
			runOnlyForDeploymentPostprocessing = 0;
		};
/* End PBXResourcesBuildPhase section */

/* Begin PBXSourcesBuildPhase section */
		2BA323011D038DE00001B749 /* Sources */ = {
			isa = PBXSourcesBuildPhase;
			buildActionMask = 2147483647;
			files = (
				2BA323431D0500C90001B749 /* StudentInformation.swift in Sources */,
				2BA3232F1D03C20E0001B749 /* UdacityClient.swift in Sources */,
				2BA323351D03F3AD0001B749 /* Constants.swift in Sources */,
				2BA323251D03967D0001B749 /* LocationVC.swift in Sources */,
				2BA323231D0396590001B749 /* ListVC.swift in Sources */,
				2BA323331D03C3040001B749 /* UdacityConvenience.swift in Sources */,
				2BA3230B1D038DE10001B749 /* MapVC.swift in Sources */,
				2BA3233F1D04CAB70001B749 /* ParseClient.swift in Sources */,
				2BA323271D0397560001B749 /* DataService.swift in Sources */,
				2BA323411D04D4AE0001B749 /* ParseConstants.swift in Sources */,
				2BA323311D03C2C10001B749 /* UdacityConstants.swift in Sources */,
				2BA3232B1D03A4020001B749 /* CustomButton.swift in Sources */,
				2BA323091D038DE10001B749 /* AppDelegate.swift in Sources */,
				2BA323211D0395FB0001B749 /* LoginVC.swift in Sources */,
			);
			runOnlyForDeploymentPostprocessing = 0;
		};
/* End PBXSourcesBuildPhase section */

/* Begin PBXVariantGroup section */
		2BA3230C1D038DE10001B749 /* Main.storyboard */ = {
			isa = PBXVariantGroup;
			children = (
				2BA3230D1D038DE10001B749 /* Base */,
			);
			name = Main.storyboard;
			sourceTree = "<group>";
		};
		2BA323111D038DE10001B749 /* LaunchScreen.storyboard */ = {
			isa = PBXVariantGroup;
			children = (
				2BA323121D038DE10001B749 /* Base */,
			);
			name = LaunchScreen.storyboard;
			sourceTree = "<group>";
		};
/* End PBXVariantGroup section */

/* Begin XCBuildConfiguration section */
		2BA323151D038DE10001B749 /* Debug */ = {
			isa = XCBuildConfiguration;
			buildSettings = {
				ALWAYS_SEARCH_USER_PATHS = NO;
				CLANG_ANALYZER_NONNULL = YES;
				CLANG_CXX_LANGUAGE_STANDARD = "gnu++0x";
				CLANG_CXX_LIBRARY = "libc++";
				CLANG_ENABLE_MODULES = YES;
				CLANG_ENABLE_OBJC_ARC = YES;
				CLANG_WARN_BOOL_CONVERSION = YES;
				CLANG_WARN_CONSTANT_CONVERSION = YES;
				CLANG_WARN_DIRECT_OBJC_ISA_USAGE = YES_ERROR;
				CLANG_WARN_EMPTY_BODY = YES;
				CLANG_WARN_ENUM_CONVERSION = YES;
				CLANG_WARN_INT_CONVERSION = YES;
				CLANG_WARN_OBJC_ROOT_CLASS = YES_ERROR;
				CLANG_WARN_UNREACHABLE_CODE = YES;
				CLANG_WARN__DUPLICATE_METHOD_MATCH = YES;
				"CODE_SIGN_IDENTITY[sdk=iphoneos*]" = "iPhone Developer";
				COPY_PHASE_STRIP = NO;
				DEBUG_INFORMATION_FORMAT = dwarf;
				ENABLE_STRICT_OBJC_MSGSEND = YES;
				ENABLE_TESTABILITY = YES;
				GCC_C_LANGUAGE_STANDARD = gnu99;
				GCC_DYNAMIC_NO_PIC = NO;
				GCC_NO_COMMON_BLOCKS = YES;
				GCC_OPTIMIZATION_LEVEL = 0;
				GCC_PREPROCESSOR_DEFINITIONS = (
					"DEBUG=1",
					"$(inherited)",
				);
				GCC_WARN_64_TO_32_BIT_CONVERSION = YES;
				GCC_WARN_ABOUT_RETURN_TYPE = YES_ERROR;
				GCC_WARN_UNDECLARED_SELECTOR = YES;
				GCC_WARN_UNINITIALIZED_AUTOS = YES_AGGRESSIVE;
				GCC_WARN_UNUSED_FUNCTION = YES;
				GCC_WARN_UNUSED_VARIABLE = YES;
				IPHONEOS_DEPLOYMENT_TARGET = 9.3;
				MTL_ENABLE_DEBUG_INFO = YES;
				ONLY_ACTIVE_ARCH = YES;
				SDKROOT = iphoneos;
				SWIFT_OPTIMIZATION_LEVEL = "-Onone";
				TARGETED_DEVICE_FAMILY = "1,2";
			};
			name = Debug;
		};
		2BA323161D038DE10001B749 /* Release */ = {
			isa = XCBuildConfiguration;
			buildSettings = {
				ALWAYS_SEARCH_USER_PATHS = NO;
				CLANG_ANALYZER_NONNULL = YES;
				CLANG_CXX_LANGUAGE_STANDARD = "gnu++0x";
				CLANG_CXX_LIBRARY = "libc++";
				CLANG_ENABLE_MODULES = YES;
				CLANG_ENABLE_OBJC_ARC = YES;
				CLANG_WARN_BOOL_CONVERSION = YES;
				CLANG_WARN_CONSTANT_CONVERSION = YES;
				CLANG_WARN_DIRECT_OBJC_ISA_USAGE = YES_ERROR;
				CLANG_WARN_EMPTY_BODY = YES;
				CLANG_WARN_ENUM_CONVERSION = YES;
				CLANG_WARN_INT_CONVERSION = YES;
				CLANG_WARN_OBJC_ROOT_CLASS = YES_ERROR;
				CLANG_WARN_UNREACHABLE_CODE = YES;
				CLANG_WARN__DUPLICATE_METHOD_MATCH = YES;
				"CODE_SIGN_IDENTITY[sdk=iphoneos*]" = "iPhone Developer";
				COPY_PHASE_STRIP = NO;
				DEBUG_INFORMATION_FORMAT = "dwarf-with-dsym";
				ENABLE_NS_ASSERTIONS = NO;
				ENABLE_STRICT_OBJC_MSGSEND = YES;
				GCC_C_LANGUAGE_STANDARD = gnu99;
				GCC_NO_COMMON_BLOCKS = YES;
				GCC_WARN_64_TO_32_BIT_CONVERSION = YES;
				GCC_WARN_ABOUT_RETURN_TYPE = YES_ERROR;
				GCC_WARN_UNDECLARED_SELECTOR = YES;
				GCC_WARN_UNINITIALIZED_AUTOS = YES_AGGRESSIVE;
				GCC_WARN_UNUSED_FUNCTION = YES;
				GCC_WARN_UNUSED_VARIABLE = YES;
				IPHONEOS_DEPLOYMENT_TARGET = 9.3;
				MTL_ENABLE_DEBUG_INFO = NO;
				SDKROOT = iphoneos;
				TARGETED_DEVICE_FAMILY = "1,2";
				VALIDATE_PRODUCT = YES;
			};
			name = Release;
		};
		2BA323181D038DE10001B749 /* Debug */ = {
			isa = XCBuildConfiguration;
			buildSettings = {
				ASSETCATALOG_COMPILER_APPICON_NAME = AppIcon;
				CLANG_ENABLE_MODULES = YES;
				FRAMEWORK_SEARCH_PATHS = (
					"$(inherited)",
					"$(PROJECT_DIR)/On",
					The,
					Map,
				);
				INFOPLIST_FILE = "On The Map/Info.plist";
				LD_RUNPATH_SEARCH_PATHS = "$(inherited) @executable_path/Frameworks";
				PRODUCT_BUNDLE_IDENTIFIER = "com.jamesalandyer.On-The-Map";
				PRODUCT_NAME = "$(TARGET_NAME)";
				SWIFT_OBJC_BRIDGING_HEADER = "On The Map/On The Map-Bridging-Header.h";
				SWIFT_OPTIMIZATION_LEVEL = "-Onone";
			};
			name = Debug;
		};
		2BA323191D038DE10001B749 /* Release */ = {
			isa = XCBuildConfiguration;
			buildSettings = {
				ASSETCATALOG_COMPILER_APPICON_NAME = AppIcon;
				CLANG_ENABLE_MODULES = YES;
				FRAMEWORK_SEARCH_PATHS = (
					"$(inherited)",
					"$(PROJECT_DIR)/On",
					The,
					Map,
				);
				INFOPLIST_FILE = "On The Map/Info.plist";
				LD_RUNPATH_SEARCH_PATHS = "$(inherited) @executable_path/Frameworks";
				PRODUCT_BUNDLE_IDENTIFIER = "com.jamesalandyer.On-The-Map";
				PRODUCT_NAME = "$(TARGET_NAME)";
				SWIFT_OBJC_BRIDGING_HEADER = "On The Map/On The Map-Bridging-Header.h";
			};
			name = Release;
		};
/* End XCBuildConfiguration section */

/* Begin XCConfigurationList section */
		2BA323001D038DE00001B749 /* Build configuration list for PBXProject "On The Map" */ = {
			isa = XCConfigurationList;
			buildConfigurations = (
				2BA323151D038DE10001B749 /* Debug */,
				2BA323161D038DE10001B749 /* Release */,
			);
			defaultConfigurationIsVisible = 0;
			defaultConfigurationName = Release;
		};
		2BA323171D038DE10001B749 /* Build configuration list for PBXNativeTarget "On The Map" */ = {
			isa = XCConfigurationList;
			buildConfigurations = (
				2BA323181D038DE10001B749 /* Debug */,
				2BA323191D038DE10001B749 /* Release */,
			);
			defaultConfigurationIsVisible = 0;
		};
/* End XCConfigurationList section */
	};
	rootObject = 2BA322FD1D038DE00001B749 /* Project object */;
}
